
Microsoft Visual Studio Solution File, Format Version 12.00
# Visual Studio Version 16
VisualStudioVersion = 16.0.30320.27
MinimumVisualStudioVersion = 10.0.40219.1
Project("{9A19103F-16F7-4668-BE54-9A1E7A4F7556}") = "TodoBlazor", "TodoBlazor\TodoBlazor.csproj", "{2F86C974-B009-4CFB-82EB-6431631337D7}"
EndProject
Global
	GlobalSection(SolutionConfigurationPlatforms) = preSolution
		Debug|Any CPU = Debug|Any CPU
		Release|Any CPU = Release|Any CPU
	EndGlobalSection
	GlobalSection(ProjectConfigurationPlatforms) = postSolution
		{2F86C974-B009-4CFB-82EB-6431631337D7}.Debug|Any CPU.ActiveCfg = Debug|Any CPU
		{2F86C974-B009-4CFB-82EB-6431631337D7}.Debug|Any CPU.Build.0 = Debug|Any CPU
		{2F86C974-B009-4CFB-82EB-6431631337D7}.Release|Any CPU.ActiveCfg = Release|Any CPU
		{2F86C974-B009-4CFB-82EB-6431631337D7}.Release|Any CPU.Build.0 = Release|Any CPU
	EndGlobalSection
	GlobalSection(SolutionProperties) = preSolution
		HideSolutionNode = FALSE
	EndGlobalSection
	GlobalSection(ExtensibilityGlobals) = postSolution
		SolutionGuid = {72193697-BB07-4BF9-B962-22833B9510CE}
	EndGlobalSection
EndGlobal
